// !$*UTF8*$!
{
	archiveVersion = 1;
	classes = {
	};
	objectVersion = 48;
	objects = {

/* Begin PBXBuildFile section */
		117C2114728F67BC1F4A3839 /* Pods_test.framework in Frameworks */ = {isa = PBXBuildFile; fileRef = C02FF964E618084D21EAF1BB /* Pods_test.framework */; };
		DC834A6E1FD0F8F600AEB525 /* MidiView.swift in Sources */ = {isa = PBXBuildFile; fileRef = DC834A6D1FD0F8F600AEB525 /* MidiView.swift */; };
		DC834A701FD0F96400AEB525 /* MidiView.xib in Resources */ = {isa = PBXBuildFile; fileRef = DC834A6F1FD0F96400AEB525 /* MidiView.xib */; };
		DC921E4A1FCE9F6F00A5B2BA /* AppDelegate.swift in Sources */ = {isa = PBXBuildFile; fileRef = DC921E491FCE9F6F00A5B2BA /* AppDelegate.swift */; };
		DC921E4C1FCE9F6F00A5B2BA /* ViewController.swift in Sources */ = {isa = PBXBuildFile; fileRef = DC921E4B1FCE9F6F00A5B2BA /* ViewController.swift */; };
		DC921E4F1FCE9F6F00A5B2BA /* Main.storyboard in Resources */ = {isa = PBXBuildFile; fileRef = DC921E4D1FCE9F6F00A5B2BA /* Main.storyboard */; };
		DC921E511FCE9F6F00A5B2BA /* Assets.xcassets in Resources */ = {isa = PBXBuildFile; fileRef = DC921E501FCE9F6F00A5B2BA /* Assets.xcassets */; };
		DC921E541FCE9F6F00A5B2BA /* LaunchScreen.storyboard in Resources */ = {isa = PBXBuildFile; fileRef = DC921E521FCE9F6F00A5B2BA /* LaunchScreen.storyboard */; };
		DC921E5D1FCE9F7B00A5B2BA /* emgai.lrc in Resources */ = {isa = PBXBuildFile; fileRef = DC921E5B1FCE9F7B00A5B2BA /* emgai.lrc */; };
		DC921E5E1FCE9F7B00A5B2BA /* NodeParse.swift in Sources */ = {isa = PBXBuildFile; fileRef = DC921E5C1FCE9F7B00A5B2BA /* NodeParse.swift */; };
		DCCA16CF1FCFB7CD00B7F430 /* emgaimua.mp3 in Resources */ = {isa = PBXBuildFile; fileRef = DCCA16CE1FCFB7CD00B7F430 /* emgaimua.mp3 */; };
/* End PBXBuildFile section */

/* Begin PBXFileReference section */
		4BCC7110AA0075F2C8B55A83 /* Pods-test.release.xcconfig */ = {isa = PBXFileReference; includeInIndex = 1; lastKnownFileType = text.xcconfig; name = "Pods-test.release.xcconfig"; path = "Pods/Target Support Files/Pods-test/Pods-test.release.xcconfig"; sourceTree = "<group>"; };
		B40792F6C6BA813C8FC7752B /* Pods-test.debug.xcconfig */ = {isa = PBXFileReference; includeInIndex = 1; lastKnownFileType = text.xcconfig; name = "Pods-test.debug.xcconfig"; path = "Pods/Target Support Files/Pods-test/Pods-test.debug.xcconfig"; sourceTree = "<group>"; };
		C02FF964E618084D21EAF1BB /* Pods_test.framework */ = {isa = PBXFileReference; explicitFileType = wrapper.framework; includeInIndex = 0; path = Pods_test.framework; sourceTree = BUILT_PRODUCTS_DIR; };
		DC834A6D1FD0F8F600AEB525 /* MidiView.swift */ = {isa = PBXFileReference; lastKnownFileType = sourcecode.swift; path = MidiView.swift; sourceTree = "<group>"; };
		DC834A6F1FD0F96400AEB525 /* MidiView.xib */ = {isa = PBXFileReference; lastKnownFileType = file.xib; path = MidiView.xib; sourceTree = "<group>"; };
		DC921E461FCE9F6F00A5B2BA /* test.app */ = {isa = PBXFileReference; explicitFileType = wrapper.application; includeInIndex = 0; path = test.app; sourceTree = BUILT_PRODUCTS_DIR; };
		DC921E491FCE9F6F00A5B2BA /* AppDelegate.swift */ = {isa = PBXFileReference; lastKnownFileType = sourcecode.swift; path = AppDelegate.swift; sourceTree = "<group>"; };
		DC921E4B1FCE9F6F00A5B2BA /* ViewController.swift */ = {isa = PBXFileReference; lastKnownFileType = sourcecode.swift; path = ViewController.swift; sourceTree = "<group>"; };
		DC921E4E1FCE9F6F00A5B2BA /* Base */ = {isa = PBXFileReference; lastKnownFileType = file.storyboard; name = Base; path = Base.lproj/Main.storyboard; sourceTree = "<group>"; };
		DC921E501FCE9F6F00A5B2BA /* Assets.xcassets */ = {isa = PBXFileReference; lastKnownFileType = folder.assetcatalog; path = Assets.xcassets; sourceTree = "<group>"; };
		DC921E531FCE9F6F00A5B2BA /* Base */ = {isa = PBXFileReference; lastKnownFileType = file.storyboard; name = Base; path = Base.lproj/LaunchScreen.storyboard; sourceTree = "<group>"; };
		DC921E551FCE9F6F00A5B2BA /* Info.plist */ = {isa = PBXFileReference; lastKnownFileType = text.plist.xml; path = Info.plist; sourceTree = "<group>"; };
		DC921E5B1FCE9F7B00A5B2BA /* emgai.lrc */ = {isa = PBXFileReference; fileEncoding = 4; lastKnownFileType = text; path = emgai.lrc; sourceTree = "<group>"; };
		DC921E5C1FCE9F7B00A5B2BA /* NodeParse.swift */ = {isa = PBXFileReference; fileEncoding = 4; lastKnownFileType = sourcecode.swift; path = NodeParse.swift; sourceTree = "<group>"; };
		DCCA16CE1FCFB7CD00B7F430 /* emgaimua.mp3 */ = {isa = PBXFileReference; lastKnownFileType = audio.mp3; path = emgaimua.mp3; sourceTree = "<group>"; };
/* End PBXFileReference section */

/* Begin PBXFrameworksBuildPhase section */
		DC921E431FCE9F6F00A5B2BA /* Frameworks */ = {
			isa = PBXFrameworksBuildPhase;
			buildActionMask = 2147483647;
			files = (
				117C2114728F67BC1F4A3839 /* Pods_test.framework in Frameworks */,
			);
			runOnlyForDeploymentPostprocessing = 0;
		};
/* End PBXFrameworksBuildPhase section */

/* Begin PBXGroup section */
		318F3E1C59DA23BF3A8ECB52 /* Frameworks */ = {
			isa = PBXGroup;
			children = (
				C02FF964E618084D21EAF1BB /* Pods_test.framework */,
			);
			name = Frameworks;
			sourceTree = "<group>";
		};
		BFC3EF3E78EC84A6172B9821 /* Pods */ = {
			isa = PBXGroup;
			children = (
				B40792F6C6BA813C8FC7752B /* Pods-test.debug.xcconfig */,
				4BCC7110AA0075F2C8B55A83 /* Pods-test.release.xcconfig */,
			);
			name = Pods;
			sourceTree = "<group>";
		};
		DC834A711FD1094800AEB525 /* MidiView */ = {
			isa = PBXGroup;
			children = (
				DC834A6D1FD0F8F600AEB525 /* MidiView.swift */,
				DC834A6F1FD0F96400AEB525 /* MidiView.xib */,
			);
			path = MidiView;
			sourceTree = "<group>";
		};
		DC921E3D1FCE9F6F00A5B2BA = {
			isa = PBXGroup;
			children = (
				DC921E481FCE9F6F00A5B2BA /* test */,
				DC921E471FCE9F6F00A5B2BA /* Products */,
				BFC3EF3E78EC84A6172B9821 /* Pods */,
				318F3E1C59DA23BF3A8ECB52 /* Frameworks */,
			);
			sourceTree = "<group>";
		};
		DC921E471FCE9F6F00A5B2BA /* Products */ = {
			isa = PBXGroup;
			children = (
				DC921E461FCE9F6F00A5B2BA /* test.app */,
			);
			name = Products;
			sourceTree = "<group>";
		};
		DC921E481FCE9F6F00A5B2BA /* test */ = {
			isa = PBXGroup;
			children = (
				DCF94D381FD142B70024B9D8 /* emgai */,
				DC921E5C1FCE9F7B00A5B2BA /* NodeParse.swift */,
				DC921E491FCE9F6F00A5B2BA /* AppDelegate.swift */,
				DC921E4B1FCE9F6F00A5B2BA /* ViewController.swift */,
				DC834A711FD1094800AEB525 /* MidiView */,
				DC921E4D1FCE9F6F00A5B2BA /* Main.storyboard */,
				DC921E501FCE9F6F00A5B2BA /* Assets.xcassets */,
				DC921E521FCE9F6F00A5B2BA /* LaunchScreen.storyboard */,
				DC921E551FCE9F6F00A5B2BA /* Info.plist */,
			);
			path = test;
			sourceTree = "<group>";
		};
		DCF94D381FD142B70024B9D8 /* emgai */ = {
			isa = PBXGroup;
			children = (
				DC921E5B1FCE9F7B00A5B2BA /* emgai.lrc */,
				DCCA16CE1FCFB7CD00B7F430 /* emgaimua.mp3 */,
			);
			path = emgai;
			sourceTree = "<group>";
		};
/* End PBXGroup section */

/* Begin PBXNativeTarget section */
		DC921E451FCE9F6F00A5B2BA /* test */ = {
			isa = PBXNativeTarget;
			buildConfigurationList = DC921E581FCE9F6F00A5B2BA /* Build configuration list for PBXNativeTarget "test" */;
			buildPhases = (
				3B5E6210A3DA22B3D19CCF0C /* [CP] Check Pods Manifest.lock */,
				DC921E421FCE9F6F00A5B2BA /* Sources */,
				DC921E431FCE9F6F00A5B2BA /* Frameworks */,
				DC921E441FCE9F6F00A5B2BA /* Resources */,
				0FB88F7E8C775B74874B5A82 /* [CP] Embed Pods Frameworks */,
				2F5D8B1F36B44A2A0A8A4029 /* [CP] Copy Pods Resources */,
			);
			buildRules = (
			);
			dependencies = (
			);
			name = test;
			productName = test;
			productReference = DC921E461FCE9F6F00A5B2BA /* test.app */;
			productType = "com.apple.product-type.application";
		};
/* End PBXNativeTarget section */

/* Begin PBXProject section */
		DC921E3E1FCE9F6F00A5B2BA /* Project object */ = {
			isa = PBXProject;
			attributes = {
				LastSwiftUpdateCheck = 0910;
				LastUpgradeCheck = 0910;
				ORGANIZATIONNAME = "Dustin Doan";
				TargetAttributes = {
					DC921E451FCE9F6F00A5B2BA = {
						CreatedOnToolsVersion = 9.1;
						ProvisioningStyle = Manual;
					};
				};
			};
			buildConfigurationList = DC921E411FCE9F6F00A5B2BA /* Build configuration list for PBXProject "test" */;
			compatibilityVersion = "Xcode 8.0";
			developmentRegion = en;
			hasScannedForEncodings = 0;
			knownRegions = (
				en,
				Base,
			);
			mainGroup = DC921E3D1FCE9F6F00A5B2BA;
			productRefGroup = DC921E471FCE9F6F00A5B2BA /* Products */;
			projectDirPath = "";
			projectRoot = "";
			targets = (
				DC921E451FCE9F6F00A5B2BA /* test */,
			);
		};
/* End PBXProject section */

/* Begin PBXResourcesBuildPhase section */
		DC921E441FCE9F6F00A5B2BA /* Resources */ = {
			isa = PBXResourcesBuildPhase;
			buildActionMask = 2147483647;
			files = (
				DC921E541FCE9F6F00A5B2BA /* LaunchScreen.storyboard in Resources */,
				DC834A701FD0F96400AEB525 /* MidiView.xib in Resources */,
				DC921E511FCE9F6F00A5B2BA /* Assets.xcassets in Resources */,
				DCCA16CF1FCFB7CD00B7F430 /* emgaimua.mp3 in Resources */,
				DC921E4F1FCE9F6F00A5B2BA /* Main.storyboard in Resources */,
				DC921E5D1FCE9F7B00A5B2BA /* emgai.lrc in Resources */,
			);
			runOnlyForDeploymentPostprocessing = 0;
		};
/* End PBXResourcesBuildPhase section */

/* Begin PBXShellScriptBuildPhase section */
		0FB88F7E8C775B74874B5A82 /* [CP] Embed Pods Frameworks */ = {
			isa = PBXShellScriptBuildPhase;
			buildActionMask = 2147483647;
			files = (
			);
			inputPaths = (
				"${SRCROOT}/Pods/Target Support Files/Pods-test/Pods-test-frameworks.sh",
				"${PODS_ROOT}/AudioKit/iOS/AudioKit.framework",
				"${PODS_ROOT}/AudioKit/iOS/AudioKitUI.framework",
				"${BUILT_PRODUCTS_DIR}/FTIndicator/FTIndicator.framework",
				"${BUILT_PRODUCTS_DIR}/GDPerformanceView-Swift/GDPerformanceView_Swift.framework",
				"${BUILT_PRODUCTS_DIR}/SnapKit/SnapKit.framework",
			);
			name = "[CP] Embed Pods Frameworks";
			outputPaths = (
				"${TARGET_BUILD_DIR}/${FRAMEWORKS_FOLDER_PATH}/AudioKit.framework",
				"${TARGET_BUILD_DIR}/${FRAMEWORKS_FOLDER_PATH}/AudioKitUI.framework",
				"${TARGET_BUILD_DIR}/${FRAMEWORKS_FOLDER_PATH}/FTIndicator.framework",
				"${TARGET_BUILD_DIR}/${FRAMEWORKS_FOLDER_PATH}/GDPerformanceView_Swift.framework",
				"${TARGET_BUILD_DIR}/${FRAMEWORKS_FOLDER_PATH}/SnapKit.framework",
			);
			runOnlyForDeploymentPostprocessing = 0;
			shellPath = /bin/sh;
			shellScript = "\"${SRCROOT}/Pods/Target Support Files/Pods-test/Pods-test-frameworks.sh\"\n";
			showEnvVarsInLog = 0;
		};
		2F5D8B1F36B44A2A0A8A4029 /* [CP] Copy Pods Resources */ = {
			isa = PBXShellScriptBuildPhase;
			buildActionMask = 2147483647;
			files = (
			);
			inputPaths = (
			);
			name = "[CP] Copy Pods Resources";
			outputPaths = (
			);
			runOnlyForDeploymentPostprocessing = 0;
			shellPath = /bin/sh;
			shellScript = "\"${SRCROOT}/Pods/Target Support Files/Pods-test/Pods-test-resources.sh\"\n";
			showEnvVarsInLog = 0;
		};
		3B5E6210A3DA22B3D19CCF0C /* [CP] Check Pods Manifest.lock */ = {
			isa = PBXShellScriptBuildPhase;
			buildActionMask = 2147483647;
			files = (
			);
			inputPaths = (
				"${PODS_PODFILE_DIR_PATH}/Podfile.lock",
				"${PODS_ROOT}/Manifest.lock",
			);
			name = "[CP] Check Pods Manifest.lock";
			outputPaths = (
				"$(DERIVED_FILE_DIR)/Pods-test-checkManifestLockResult.txt",
			);
			runOnlyForDeploymentPostprocessing = 0;
			shellPath = /bin/sh;
			shellScript = "diff \"${PODS_PODFILE_DIR_PATH}/Podfile.lock\" \"${PODS_ROOT}/Manifest.lock\" > /dev/null\nif [ $? != 0 ] ; then\n    # print error to STDERR\n    echo \"error: The sandbox is not in sync with the Podfile.lock. Run 'pod install' or update your CocoaPods installation.\" >&2\n    exit 1\nfi\n# This output is used by Xcode 'outputs' to avoid re-running this script phase.\necho \"SUCCESS\" > \"${SCRIPT_OUTPUT_FILE_0}\"\n";
			showEnvVarsInLog = 0;
		};
/* End PBXShellScriptBuildPhase section */

/* Begin PBXSourcesBuildPhase section */
		DC921E421FCE9F6F00A5B2BA /* Sources */ = {
			isa = PBXSourcesBuildPhase;
			buildActionMask = 2147483647;
			files = (
				DC921E4C1FCE9F6F00A5B2BA /* ViewController.swift in Sources */,
				DC921E4A1FCE9F6F00A5B2BA /* AppDelegate.swift in Sources */,
				DC921E5E1FCE9F7B00A5B2BA /* NodeParse.swift in Sources */,
				DC834A6E1FD0F8F600AEB525 /* MidiView.swift in Sources */,
			);
			runOnlyForDeploymentPostprocessing = 0;
		};
/* End PBXSourcesBuildPhase section */

/* Begin PBXVariantGroup section */
		DC921E4D1FCE9F6F00A5B2BA /* Main.storyboard */ = {
			isa = PBXVariantGroup;
			children = (
				DC921E4E1FCE9F6F00A5B2BA /* Base */,
			);
			name = Main.storyboard;
			sourceTree = "<group>";
		};
		DC921E521FCE9F6F00A5B2BA /* LaunchScreen.storyboard */ = {
			isa = PBXVariantGroup;
			children = (
				DC921E531FCE9F6F00A5B2BA /* Base */,
			);
			name = LaunchScreen.storyboard;
			sourceTree = "<group>";
		};
/* End PBXVariantGroup section */

/* Begin XCBuildConfiguration section */
		DC921E561FCE9F6F00A5B2BA /* Debug */ = {
			isa = XCBuildConfiguration;
			buildSettings = {
				ALWAYS_SEARCH_USER_PATHS = NO;
				CLANG_ANALYZER_NONNULL = YES;
				CLANG_ANALYZER_NUMBER_OBJECT_CONVERSION = YES_AGGRESSIVE;
				CLANG_CXX_LANGUAGE_STANDARD = "gnu++14";
				CLANG_CXX_LIBRARY = "libc++";
				CLANG_ENABLE_MODULES = YES;
				CLANG_ENABLE_OBJC_ARC = YES;
				CLANG_WARN_BLOCK_CAPTURE_AUTORELEASING = YES;
				CLANG_WARN_BOOL_CONVERSION = YES;
				CLANG_WARN_COMMA = YES;
				CLANG_WARN_CONSTANT_CONVERSION = YES;
				CLANG_WARN_DIRECT_OBJC_ISA_USAGE = YES_ERROR;
				CLANG_WARN_DOCUMENTATION_COMMENTS = YES;
				CLANG_WARN_EMPTY_BODY = YES;
				CLANG_WARN_ENUM_CONVERSION = YES;
				CLANG_WARN_INFINITE_RECURSION = YES;
				CLANG_WARN_INT_CONVERSION = YES;
				CLANG_WARN_NON_LITERAL_NULL_CONVERSION = YES;
				CLANG_WARN_OBJC_LITERAL_CONVERSION = YES;
				CLANG_WARN_OBJC_ROOT_CLASS = YES_ERROR;
				CLANG_WARN_RANGE_LOOP_ANALYSIS = YES;
				CLANG_WARN_STRICT_PROTOTYPES = YES;
				CLANG_WARN_SUSPICIOUS_MOVE = YES;
				CLANG_WARN_UNGUARDED_AVAILABILITY = YES_AGGRESSIVE;
				CLANG_WARN_UNREACHABLE_CODE = YES;
				CLANG_WARN__DUPLICATE_METHOD_MATCH = YES;
				CODE_SIGN_IDENTITY = "iPhone Developer";
				COPY_PHASE_STRIP = NO;
				DEBUG_INFORMATION_FORMAT = dwarf;
				ENABLE_STRICT_OBJC_MSGSEND = YES;
				ENABLE_TESTABILITY = YES;
				GCC_C_LANGUAGE_STANDARD = gnu11;
				GCC_DYNAMIC_NO_PIC = NO;
				GCC_NO_COMMON_BLOCKS = YES;
				GCC_OPTIMIZATION_LEVEL = 0;
				GCC_PREPROCESSOR_DEFINITIONS = (
					"DEBUG=1",
					"$(inherited)",
				);
				GCC_WARN_64_TO_32_BIT_CONVERSION = YES;
				GCC_WARN_ABOUT_RETURN_TYPE = YES_ERROR;
				GCC_WARN_UNDECLARED_SELECTOR = YES;
				GCC_WARN_UNINITIALIZED_AUTOS = YES_AGGRESSIVE;
				GCC_WARN_UNUSED_FUNCTION = YES;
				GCC_WARN_UNUSED_VARIABLE = YES;
				IPHONEOS_DEPLOYMENT_TARGET = 11.1;
				MTL_ENABLE_DEBUG_INFO = YES;
				ONLY_ACTIVE_ARCH = YES;
				SDKROOT = iphoneos;
				SWIFT_ACTIVE_COMPILATION_CONDITIONS = DEBUG;
				SWIFT_OPTIMIZATION_LEVEL = "-Onone";
			};
			name = Debug;
		};
		DC921E571FCE9F6F00A5B2BA /* Release */ = {
			isa = XCBuildConfiguration;
			buildSettings = {
				ALWAYS_SEARCH_USER_PATHS = NO;
				CLANG_ANALYZER_NONNULL = YES;
				CLANG_ANALYZER_NUMBER_OBJECT_CONVERSION = YES_AGGRESSIVE;
				CLANG_CXX_LANGUAGE_STANDARD = "gnu++14";
				CLANG_CXX_LIBRARY = "libc++";
				CLANG_ENABLE_MODULES = YES;
				CLANG_ENABLE_OBJC_ARC = YES;
				CLANG_WARN_BLOCK_CAPTURE_AUTORELEASING = YES;
				CLANG_WARN_BOOL_CONVERSION = YES;
				CLANG_WARN_COMMA = YES;
				CLANG_WARN_CONSTANT_CONVERSION = YES;
				CLANG_WARN_DIRECT_OBJC_ISA_USAGE = YES_ERROR;
				CLANG_WARN_DOCUMENTATION_COMMENTS = YES;
				CLANG_WARN_EMPTY_BODY = YES;
				CLANG_WARN_ENUM_CONVERSION = YES;
				CLANG_WARN_INFINITE_RECURSION = YES;
				CLANG_WARN_INT_CONVERSION = YES;
				CLANG_WARN_NON_LITERAL_NULL_CONVERSION = YES;
				CLANG_WARN_OBJC_LITERAL_CONVERSION = YES;
				CLANG_WARN_OBJC_ROOT_CLASS = YES_ERROR;
				CLANG_WARN_RANGE_LOOP_ANALYSIS = YES;
				CLANG_WARN_STRICT_PROTOTYPES = YES;
				CLANG_WARN_SUSPICIOUS_MOVE = YES;
				CLANG_WARN_UNGUARDED_AVAILABILITY = YES_AGGRESSIVE;
				CLANG_WARN_UNREACHABLE_CODE = YES;
				CLANG_WARN__DUPLICATE_METHOD_MATCH = YES;
				CODE_SIGN_IDENTITY = "iPhone Developer";
				COPY_PHASE_STRIP = NO;
				DEBUG_INFORMATION_FORMAT = "dwarf-with-dsym";
				ENABLE_NS_ASSERTIONS = NO;
				ENABLE_STRICT_OBJC_MSGSEND = YES;
				GCC_C_LANGUAGE_STANDARD = gnu11;
				GCC_NO_COMMON_BLOCKS = YES;
				GCC_WARN_64_TO_32_BIT_CONVERSION = YES;
				GCC_WARN_ABOUT_RETURN_TYPE = YES_ERROR;
				GCC_WARN_UNDECLARED_SELECTOR = YES;
				GCC_WARN_UNINITIALIZED_AUTOS = YES_AGGRESSIVE;
				GCC_WARN_UNUSED_FUNCTION = YES;
				GCC_WARN_UNUSED_VARIABLE = YES;
				IPHONEOS_DEPLOYMENT_TARGET = 11.1;
				MTL_ENABLE_DEBUG_INFO = NO;
				SDKROOT = iphoneos;
				SWIFT_OPTIMIZATION_LEVEL = "-Owholemodule";
				VALIDATE_PRODUCT = YES;
			};
			name = Release;
		};
		DC921E591FCE9F6F00A5B2BA /* Debug */ = {
			isa = XCBuildConfiguration;
			baseConfigurationReference = B40792F6C6BA813C8FC7752B /* Pods-test.debug.xcconfig */;
			buildSettings = {
				ASSETCATALOG_COMPILER_APPICON_NAME = AppIcon;
				CODE_SIGN_STYLE = Manual;
				DEVELOPMENT_TEAM = H5U672V2X2;
				INFOPLIST_FILE = test/Info.plist;
				LD_RUNPATH_SEARCH_PATHS = "$(inherited) @executable_path/Frameworks";
				PRODUCT_BUNDLE_IDENTIFIER = com.smartmedia.midiNode;
				PRODUCT_NAME = "$(TARGET_NAME)";
				PROVISIONING_PROFILE = "7dcd0b42-146b-453e-86f5-d2d0f664d447";
				PROVISIONING_PROFILE_SPECIFIER = "development all";
				SWIFT_VERSION = 4.0;
				TARGETED_DEVICE_FAMILY = "1,2";
			};
			name = Debug;
		};
		DC921E5A1FCE9F6F00A5B2BA /* Release */ = {
			isa = XCBuildConfiguration;
			baseConfigurationReference = 4BCC7110AA0075F2C8B55A83 /* Pods-test.release.xcconfig */;
			buildSettings = {
				ASSETCATALOG_COMPILER_APPICON_NAME = AppIcon;
				CODE_SIGN_STYLE = Manual;
				DEVELOPMENT_TEAM = H5U672V2X2;
				INFOPLIST_FILE = test/Info.plist;
				LD_RUNPATH_SEARCH_PATHS = "$(inherited) @executable_path/Frameworks";
				PRODUCT_BUNDLE_IDENTIFIER = com.smartmedia.midiNode;
				PRODUCT_NAME = "$(TARGET_NAME)";
				PROVISIONING_PROFILE = "7dcd0b42-146b-453e-86f5-d2d0f664d447";
				PROVISIONING_PROFILE_SPECIFIER = "development all";
				SWIFT_VERSION = 4.0;
				TARGETED_DEVICE_FAMILY = "1,2";
			};
			name = Release;
		};
/* End XCBuildConfiguration section */

/* Begin XCConfigurationList section */
		DC921E411FCE9F6F00A5B2BA /* Build configuration list for PBXProject "test" */ = {
			isa = XCConfigurationList;
			buildConfigurations = (
				DC921E561FCE9F6F00A5B2BA /* Debug */,
				DC921E571FCE9F6F00A5B2BA /* Release */,
			);
			defaultConfigurationIsVisible = 0;
			defaultConfigurationName = Release;
		};
		DC921E581FCE9F6F00A5B2BA /* Build configuration list for PBXNativeTarget "test" */ = {
			isa = XCConfigurationList;
			buildConfigurations = (
				DC921E591FCE9F6F00A5B2BA /* Debug */,
				DC921E5A1FCE9F6F00A5B2BA /* Release */,
			);
			defaultConfigurationIsVisible = 0;
			defaultConfigurationName = Release;
		};
/* End XCConfigurationList section */
	};
	rootObject = DC921E3E1FCE9F6F00A5B2BA /* Project object */;
}
